
Microsoft Visual Studio Solution File, Format Version 12.00
# Visual Studio Version 17
VisualStudioVersion = 17.0.31903.59
MinimumVisualStudioVersion = 10.0.40219.1
Project("{2150E333-8FDC-42A3-9474-1A3956D46DE8}") = "src", "src", "{7E237CD9-54E7-409B-A3AD-74D7AE4A39A9}"
EndProject
Project("{2150E333-8FDC-42A3-9474-1A3956D46DE8}") = "tests", "tests", "{603C70BD-F474-4D8C-8535-8EB99C8C5B6A}"
EndProject
Project("{FAE04EC0-301F-11D3-BF4B-00C04F79EFBC}") = "EFCore.Migrations.CustomSql", "src\EFCore.Migrations.CustomSql\EFCore.Migrations.CustomSql.csproj", "{400DD052-AD35-4605-BB4E-A96825DC7E7A}"
EndProject
Project("{FAE04EC0-301F-11D3-BF4B-00C04F79EFBC}") = "EFCore.Migrations.Abstractions", "src\EFCore.Migrations.Abstractions\EFCore.Migrations.Abstractions.csproj", "{7C1BF96E-332D-4DEE-B987-F74A0F2A157A}"
EndProject
Project("{2150E333-8FDC-42A3-9474-1A3956D46DE8}") = "providers", "providers", "{36664F7E-5C4D-4E2A-9C84-C81C95CC09EE}"
EndProject
Project("{FAE04EC0-301F-11D3-BF4B-00C04F79EFBC}") = "EFCore.Migrations.CustomSql.PostgreSQL", "src\providers\EFCore.Migrations.CustomSql.PostgreSQL\EFCore.Migrations.CustomSql.PostgreSQL.csproj", "{6FFB3CED-6E96-47DE-BD8E-D8D00933C6BE}"
EndProject
Project("{FAE04EC0-301F-11D3-BF4B-00C04F79EFBC}") = "EFCore.Migrations.CustomSql.SqlServer", "src\providers\EFCore.Migrations.CustomSql.SqlServer\EFCore.Migrations.CustomSql.SqlServer.csproj", "{D82BEB59-BEA3-42D9-A913-B3176A6B953E}"
EndProject
Project("{FAE04EC0-301F-11D3-BF4B-00C04F79EFBC}") = "EFCore.Migrations.CustomSql.Tests", "tests\EFCore.Migrations.CustomSql.Tests\EFCore.Migrations.CustomSql.Tests.csproj", "{06AE5B5E-78CF-48D8-AC1F-AF2493748B36}"
EndProject
Global
	GlobalSection(SolutionConfigurationPlatforms) = preSolution
		Debug|Any CPU = Debug|Any CPU
		Debug|x64 = Debug|x64
		Debug|x86 = Debug|x86
		Release|Any CPU = Release|Any CPU
		Release|x64 = Release|x64
		Release|x86 = Release|x86
	EndGlobalSection
	GlobalSection(ProjectConfigurationPlatforms) = postSolution
		{400DD052-AD35-4605-BB4E-A96825DC7E7A}.Debug|Any CPU.ActiveCfg = Debug|Any CPU
		{400DD052-AD35-4605-BB4E-A96825DC7E7A}.Debug|Any CPU.Build.0 = Debug|Any CPU
		{400DD052-AD35-4605-BB4E-A96825DC7E7A}.Debug|x64.ActiveCfg = Debug|Any CPU
		{400DD052-AD35-4605-BB4E-A96825DC7E7A}.Debug|x64.Build.0 = Debug|Any CPU
		{400DD052-AD35-4605-BB4E-A96825DC7E7A}.Debug|x86.ActiveCfg = Debug|Any CPU
		{400DD052-AD35-4605-BB4E-A96825DC7E7A}.Debug|x86.Build.0 = Debug|Any CPU
		{400DD052-AD35-4605-BB4E-A96825DC7E7A}.Release|Any CPU.ActiveCfg = Release|Any CPU
		{400DD052-AD35-4605-BB4E-A96825DC7E7A}.Release|Any CPU.Build.0 = Release|Any CPU
		{400DD052-AD35-4605-BB4E-A96825DC7E7A}.Release|x64.ActiveCfg = Release|Any CPU
		{400DD052-AD35-4605-BB4E-A96825DC7E7A}.Release|x64.Build.0 = Release|Any CPU
		{400DD052-AD35-4605-BB4E-A96825DC7E7A}.Release|x86.ActiveCfg = Release|Any CPU
		{400DD052-AD35-4605-BB4E-A96825DC7E7A}.Release|x86.Build.0 = Release|Any CPU
		{7C1BF96E-332D-4DEE-B987-F74A0F2A157A}.Debug|Any CPU.ActiveCfg = Debug|Any CPU
		{7C1BF96E-332D-4DEE-B987-F74A0F2A157A}.Debug|Any CPU.Build.0 = Debug|Any CPU
		{7C1BF96E-332D-4DEE-B987-F74A0F2A157A}.Debug|x64.ActiveCfg = Debug|Any CPU
		{7C1BF96E-332D-4DEE-B987-F74A0F2A157A}.Debug|x64.Build.0 = Debug|Any CPU
		{7C1BF96E-332D-4DEE-B987-F74A0F2A157A}.Debug|x86.ActiveCfg = Debug|Any CPU
		{7C1BF96E-332D-4DEE-B987-F74A0F2A157A}.Debug|x86.Build.0 = Debug|Any CPU
		{7C1BF96E-332D-4DEE-B987-F74A0F2A157A}.Release|Any CPU.ActiveCfg = Release|Any CPU
		{7C1BF96E-332D-4DEE-B987-F74A0F2A157A}.Release|Any CPU.Build.0 = Release|Any CPU
		{7C1BF96E-332D-4DEE-B987-F74A0F2A157A}.Release|x64.ActiveCfg = Release|Any CPU
		{7C1BF96E-332D-4DEE-B987-F74A0F2A157A}.Release|x64.Build.0 = Release|Any CPU
		{7C1BF96E-332D-4DEE-B987-F74A0F2A157A}.Release|x86.ActiveCfg = Release|Any CPU
		{7C1BF96E-332D-4DEE-B987-F74A0F2A157A}.Release|x86.Build.0 = Release|Any CPU
		{6FFB3CED-6E96-47DE-BD8E-D8D00933C6BE}.Debug|Any CPU.ActiveCfg = Debug|Any CPU
		{6FFB3CED-6E96-47DE-BD8E-D8D00933C6BE}.Debug|Any CPU.Build.0 = Debug|Any CPU
		{6FFB3CED-6E96-47DE-BD8E-D8D00933C6BE}.Debug|x64.ActiveCfg = Debug|Any CPU
		{6FFB3CED-6E96-47DE-BD8E-D8D00933C6BE}.Debug|x64.Build.0 = Debug|Any CPU
		{6FFB3CED-6E96-47DE-BD8E-D8D00933C6BE}.Debug|x86.ActiveCfg = Debug|Any CPU
		{6FFB3CED-6E96-47DE-BD8E-D8D00933C6BE}.Debug|x86.Build.0 = Debug|Any CPU
		{6FFB3CED-6E96-47DE-BD8E-D8D00933C6BE}.Release|Any CPU.ActiveCfg = Release|Any CPU
		{6FFB3CED-6E96-47DE-BD8E-D8D00933C6BE}.Release|Any CPU.Build.0 = Release|Any CPU
		{6FFB3CED-6E96-47DE-BD8E-D8D00933C6BE}.Release|x64.ActiveCfg = Release|Any CPU
		{6FFB3CED-6E96-47DE-BD8E-D8D00933C6BE}.Release|x64.Build.0 = Release|Any CPU
		{6FFB3CED-6E96-47DE-BD8E-D8D00933C6BE}.Release|x86.ActiveCfg = Release|Any CPU
		{6FFB3CED-6E96-47DE-BD8E-D8D00933C6BE}.Release|x86.Build.0 = Release|Any CPU
		{D82BEB59-BEA3-42D9-A913-B3176A6B953E}.Debug|Any CPU.ActiveCfg = Debug|Any CPU
		{D82BEB59-BEA3-42D9-A913-B3176A6B953E}.Debug|Any CPU.Build.0 = Debug|Any CPU
		{D82BEB59-BEA3-42D9-A913-B3176A6B953E}.Debug|x64.ActiveCfg = Debug|Any CPU
		{D82BEB59-BEA3-42D9-A913-B3176A6B953E}.Debug|x64.Build.0 = Debug|Any CPU
		{D82BEB59-BEA3-42D9-A913-B3176A6B953E}.Debug|x86.ActiveCfg = Debug|Any CPU
		{D82BEB59-BEA3-42D9-A913-B3176A6B953E}.Debug|x86.Build.0 = Debug|Any CPU
		{D82BEB59-BEA3-42D9-A913-B3176A6B953E}.Release|Any CPU.ActiveCfg = Release|Any CPU
		{D82BEB59-BEA3-42D9-A913-B3176A6B953E}.Release|Any CPU.Build.0 = Release|Any CPU
		{D82BEB59-BEA3-42D9-A913-B3176A6B953E}.Release|x64.ActiveCfg = Release|Any CPU
		{D82BEB59-BEA3-42D9-A913-B3176A6B953E}.Release|x64.Build.0 = Release|Any CPU
		{D82BEB59-BEA3-42D9-A913-B3176A6B953E}.Release|x86.ActiveCfg = Release|Any CPU
		{D82BEB59-BEA3-42D9-A913-B3176A6B953E}.Release|x86.Build.0 = Release|Any CPU
		{06AE5B5E-78CF-48D8-AC1F-AF2493748B36}.Debug|Any CPU.ActiveCfg = Debug|Any CPU
		{06AE5B5E-78CF-48D8-AC1F-AF2493748B36}.Debug|Any CPU.Build.0 = Debug|Any CPU
		{06AE5B5E-78CF-48D8-AC1F-AF2493748B36}.Debug|x64.ActiveCfg = Debug|Any CPU
		{06AE5B5E-78CF-48D8-AC1F-AF2493748B36}.Debug|x64.Build.0 = Debug|Any CPU
		{06AE5B5E-78CF-48D8-AC1F-AF2493748B36}.Debug|x86.ActiveCfg = Debug|Any CPU
		{06AE5B5E-78CF-48D8-AC1F-AF2493748B36}.Debug|x86.Build.0 = Debug|Any CPU
		{06AE5B5E-78CF-48D8-AC1F-AF2493748B36}.Release|Any CPU.ActiveCfg = Release|Any CPU
		{06AE5B5E-78CF-48D8-AC1F-AF2493748B36}.Release|Any CPU.Build.0 = Release|Any CPU
		{06AE5B5E-78CF-48D8-AC1F-AF2493748B36}.Release|x64.ActiveCfg = Release|Any CPU
		{06AE5B5E-78CF-48D8-AC1F-AF2493748B36}.Release|x64.Build.0 = Release|Any CPU
		{06AE5B5E-78CF-48D8-AC1F-AF2493748B36}.Release|x86.ActiveCfg = Release|Any CPU
		{06AE5B5E-78CF-48D8-AC1F-AF2493748B36}.Release|x86.Build.0 = Release|Any CPU
	EndGlobalSection
	GlobalSection(SolutionProperties) = preSolution
		HideSolutionNode = FALSE
	EndGlobalSection
	GlobalSection(NestedProjects) = preSolution
		{400DD052-AD35-4605-BB4E-A96825DC7E7A} = {7E237CD9-54E7-409B-A3AD-74D7AE4A39A9}
		{7C1BF96E-332D-4DEE-B987-F74A0F2A157A} = {7E237CD9-54E7-409B-A3AD-74D7AE4A39A9}
		{36664F7E-5C4D-4E2A-9C84-C81C95CC09EE} = {7E237CD9-54E7-409B-A3AD-74D7AE4A39A9}
		{6FFB3CED-6E96-47DE-BD8E-D8D00933C6BE} = {36664F7E-5C4D-4E2A-9C84-C81C95CC09EE}
		{D82BEB59-BEA3-42D9-A913-B3176A6B953E} = {36664F7E-5C4D-4E2A-9C84-C81C95CC09EE}
		{06AE5B5E-78CF-48D8-AC1F-AF2493748B36} = {603C70BD-F474-4D8C-8535-8EB99C8C5B6A}
	EndGlobalSection
EndGlobal
